
Microsoft Visual Studio Solution File, Format Version 12.00
# Visual Studio 14
VisualStudioVersion = 14.0.25402.0
MinimumVisualStudioVersion = 10.0.40219.1
Project("{F184B08F-C81C-45F6-A57F-5ABD9991F28F}") = "+Microsoft.VisualBasic.Architecture.Framework", "..\VisualBasic_AppFramework\Microsoft.VisualBasic.Architecture.Framework\+Microsoft.VisualBasic.Architecture.Framework.vbproj", "{FECCE1FD-E1D4-49E3-A668-60BB5E7AED99}"
EndProject
Project("{F184B08F-C81C-45F6-A57F-5ABD9991F28F}") = "+VB_DataFrame", "..\VisualBasic_AppFramework\DocumentFormats\VB_DataFrame\VB_DataFrame\+VB_DataFrame.vbproj", "{7283C179-F852-4EAD-8D8F-B82EF2CBD7DB}"
EndProject
Project("{2150E333-8FDC-42A3-9474-1A3956D46DE8}") = "runtime", "runtime", "{E8110E12-D45A-47C8-BA14-17C540A6BAC3}"
EndProject
Project("{F184B08F-C81C-45F6-A57F-5ABD9991F28F}") = "Pairwise.Fst", "Pairwise.Fst\Pairwise.Fst.vbproj", "{CBA1543D-228C-45A8-B9DF-1AAB500BB718}"
EndProject
Project("{F184B08F-C81C-45F6-A57F-5ABD9991F28F}") = "chisq.test", "chisq.test\chisq.test.vbproj", "{8C36A1B9-7C4D-4467-894D-A7441223947E}"
EndProject
Project("{2150E333-8FDC-42A3-9474-1A3956D46DE8}") = "R", "R", "{BDEDAAEE-FBAC-4A6A-855D-3C6BA2BF5C88}"
EndProject
Project("{F184B08F-C81C-45F6-A57F-5ABD9991F28F}") = "RDotNet", "..\R.Bioinformatics\RDotNET\RDotNet.vbproj", "{21C35138-455B-4833-9756-B2629F972A22}"
EndProject
Project("{F184B08F-C81C-45F6-A57F-5ABD9991F28F}") = "RDotNET.Extensions.VisualBasic", "..\R.Bioinformatics\RDotNET.Extensions.VisualBasic\RDotNET.Extensions.VisualBasic.vbproj", "{AB6E71B0-1BE2-4418-AB4B-91D5554CF5A1}"
EndProject
Project("{F184B08F-C81C-45F6-A57F-5ABD9991F28F}") = "RDotNet.Extensions.Bioinformatics", "..\R.Bioinformatics\RDotNet.Extensions.Bioinformatics\RDotNet.Extensions.Bioinformatics.vbproj", "{485965CD-DA31-4517-86F6-94DFD28379C1}"
EndProject
Project("{F184B08F-C81C-45F6-A57F-5ABD9991F28F}") = "InnateDB", "InnateDB\InnateDB.vbproj", "{9802FE89-2F8A-4113-8869-89BAB5E4C228}"
EndProject
Global
	GlobalSection(SolutionConfigurationPlatforms) = preSolution
		Debug|Any CPU = Debug|Any CPU
		Debug|x64 = Debug|x64
		Debug|x86 = Debug|x86
		docs|Any CPU = docs|Any CPU
		docs|x64 = docs|x64
		docs|x86 = docs|x86
		Publish|Any CPU = Publish|Any CPU
		Publish|x64 = Publish|x64
		Publish|x86 = Publish|x86
		Release|Any CPU = Release|Any CPU
		Release|x64 = Release|x64
		Release|x86 = Release|x86
	EndGlobalSection
	GlobalSection(ProjectConfigurationPlatforms) = postSolution
		{FECCE1FD-E1D4-49E3-A668-60BB5E7AED99}.Debug|Any CPU.ActiveCfg = Debug|Any CPU
		{FECCE1FD-E1D4-49E3-A668-60BB5E7AED99}.Debug|Any CPU.Build.0 = Debug|Any CPU
		{FECCE1FD-E1D4-49E3-A668-60BB5E7AED99}.Debug|x64.ActiveCfg = Debug|x64
		{FECCE1FD-E1D4-49E3-A668-60BB5E7AED99}.Debug|x64.Build.0 = Debug|x64
		{FECCE1FD-E1D4-49E3-A668-60BB5E7AED99}.Debug|x86.ActiveCfg = Debug|x86
		{FECCE1FD-E1D4-49E3-A668-60BB5E7AED99}.Debug|x86.Build.0 = Debug|x86
		{FECCE1FD-E1D4-49E3-A668-60BB5E7AED99}.docs|Any CPU.ActiveCfg = docs|Any CPU
		{FECCE1FD-E1D4-49E3-A668-60BB5E7AED99}.docs|Any CPU.Build.0 = docs|Any CPU
		{FECCE1FD-E1D4-49E3-A668-60BB5E7AED99}.docs|x64.ActiveCfg = docs|x64
		{FECCE1FD-E1D4-49E3-A668-60BB5E7AED99}.docs|x64.Build.0 = docs|x64
		{FECCE1FD-E1D4-49E3-A668-60BB5E7AED99}.docs|x86.ActiveCfg = docs|x86
		{FECCE1FD-E1D4-49E3-A668-60BB5E7AED99}.docs|x86.Build.0 = docs|x86
		{FECCE1FD-E1D4-49E3-A668-60BB5E7AED99}.Publish|Any CPU.ActiveCfg = Publish|Any CPU
		{FECCE1FD-E1D4-49E3-A668-60BB5E7AED99}.Publish|Any CPU.Build.0 = Publish|Any CPU
		{FECCE1FD-E1D4-49E3-A668-60BB5E7AED99}.Publish|x64.ActiveCfg = Publish|x64
		{FECCE1FD-E1D4-49E3-A668-60BB5E7AED99}.Publish|x64.Build.0 = Publish|x64
		{FECCE1FD-E1D4-49E3-A668-60BB5E7AED99}.Publish|x86.ActiveCfg = Publish|x86
		{FECCE1FD-E1D4-49E3-A668-60BB5E7AED99}.Publish|x86.Build.0 = Publish|x86
		{FECCE1FD-E1D4-49E3-A668-60BB5E7AED99}.Release|Any CPU.ActiveCfg = Release|Any CPU
		{FECCE1FD-E1D4-49E3-A668-60BB5E7AED99}.Release|Any CPU.Build.0 = Release|Any CPU
		{FECCE1FD-E1D4-49E3-A668-60BB5E7AED99}.Release|x64.ActiveCfg = Release|x64
		{FECCE1FD-E1D4-49E3-A668-60BB5E7AED99}.Release|x64.Build.0 = Release|x64
		{FECCE1FD-E1D4-49E3-A668-60BB5E7AED99}.Release|x86.ActiveCfg = Release|x86
		{FECCE1FD-E1D4-49E3-A668-60BB5E7AED99}.Release|x86.Build.0 = Release|x86
		{7283C179-F852-4EAD-8D8F-B82EF2CBD7DB}.Debug|Any CPU.ActiveCfg = Debug|Any CPU
		{7283C179-F852-4EAD-8D8F-B82EF2CBD7DB}.Debug|Any CPU.Build.0 = Debug|Any CPU
		{7283C179-F852-4EAD-8D8F-B82EF2CBD7DB}.Debug|x64.ActiveCfg = Debug|x64
		{7283C179-F852-4EAD-8D8F-B82EF2CBD7DB}.Debug|x64.Build.0 = Debug|x64
		{7283C179-F852-4EAD-8D8F-B82EF2CBD7DB}.Debug|x86.ActiveCfg = Debug|x86
		{7283C179-F852-4EAD-8D8F-B82EF2CBD7DB}.Debug|x86.Build.0 = Debug|x86
		{7283C179-F852-4EAD-8D8F-B82EF2CBD7DB}.docs|Any CPU.ActiveCfg = docs|Any CPU
		{7283C179-F852-4EAD-8D8F-B82EF2CBD7DB}.docs|Any CPU.Build.0 = docs|Any CPU
		{7283C179-F852-4EAD-8D8F-B82EF2CBD7DB}.docs|x64.ActiveCfg = docs|x64
		{7283C179-F852-4EAD-8D8F-B82EF2CBD7DB}.docs|x64.Build.0 = docs|x64
		{7283C179-F852-4EAD-8D8F-B82EF2CBD7DB}.docs|x86.ActiveCfg = docs|x86
		{7283C179-F852-4EAD-8D8F-B82EF2CBD7DB}.docs|x86.Build.0 = docs|x86
		{7283C179-F852-4EAD-8D8F-B82EF2CBD7DB}.Publish|Any CPU.ActiveCfg = Publish|Any CPU
		{7283C179-F852-4EAD-8D8F-B82EF2CBD7DB}.Publish|Any CPU.Build.0 = Publish|Any CPU
		{7283C179-F852-4EAD-8D8F-B82EF2CBD7DB}.Publish|x64.ActiveCfg = Publish|x64
		{7283C179-F852-4EAD-8D8F-B82EF2CBD7DB}.Publish|x64.Build.0 = Publish|x64
		{7283C179-F852-4EAD-8D8F-B82EF2CBD7DB}.Publish|x86.ActiveCfg = Publish|x86
		{7283C179-F852-4EAD-8D8F-B82EF2CBD7DB}.Publish|x86.Build.0 = Publish|x86
		{7283C179-F852-4EAD-8D8F-B82EF2CBD7DB}.Release|Any CPU.ActiveCfg = Release|Any CPU
		{7283C179-F852-4EAD-8D8F-B82EF2CBD7DB}.Release|Any CPU.Build.0 = Release|Any CPU
		{7283C179-F852-4EAD-8D8F-B82EF2CBD7DB}.Release|x64.ActiveCfg = Release|x64
		{7283C179-F852-4EAD-8D8F-B82EF2CBD7DB}.Release|x64.Build.0 = Release|x64
		{7283C179-F852-4EAD-8D8F-B82EF2CBD7DB}.Release|x86.ActiveCfg = Release|x86
		{7283C179-F852-4EAD-8D8F-B82EF2CBD7DB}.Release|x86.Build.0 = Release|x86
		{CBA1543D-228C-45A8-B9DF-1AAB500BB718}.Debug|Any CPU.ActiveCfg = Debug|Any CPU
		{CBA1543D-228C-45A8-B9DF-1AAB500BB718}.Debug|Any CPU.Build.0 = Debug|Any CPU
		{CBA1543D-228C-45A8-B9DF-1AAB500BB718}.Debug|x64.ActiveCfg = Debug|x64
		{CBA1543D-228C-45A8-B9DF-1AAB500BB718}.Debug|x64.Build.0 = Debug|x64
		{CBA1543D-228C-45A8-B9DF-1AAB500BB718}.Debug|x86.ActiveCfg = Debug|Any CPU
		{CBA1543D-228C-45A8-B9DF-1AAB500BB718}.Debug|x86.Build.0 = Debug|Any CPU
		{CBA1543D-228C-45A8-B9DF-1AAB500BB718}.docs|Any CPU.ActiveCfg = Debug|Any CPU
		{CBA1543D-228C-45A8-B9DF-1AAB500BB718}.docs|Any CPU.Build.0 = Debug|Any CPU
		{CBA1543D-228C-45A8-B9DF-1AAB500BB718}.docs|x64.ActiveCfg = Debug|Any CPU
		{CBA1543D-228C-45A8-B9DF-1AAB500BB718}.docs|x64.Build.0 = Debug|Any CPU
		{CBA1543D-228C-45A8-B9DF-1AAB500BB718}.docs|x86.ActiveCfg = Debug|Any CPU
		{CBA1543D-228C-45A8-B9DF-1AAB500BB718}.docs|x86.Build.0 = Debug|Any CPU
		{CBA1543D-228C-45A8-B9DF-1AAB500BB718}.Publish|Any CPU.ActiveCfg = Release|Any CPU
		{CBA1543D-228C-45A8-B9DF-1AAB500BB718}.Publish|Any CPU.Build.0 = Release|Any CPU
		{CBA1543D-228C-45A8-B9DF-1AAB500BB718}.Publish|x64.ActiveCfg = Release|Any CPU
		{CBA1543D-228C-45A8-B9DF-1AAB500BB718}.Publish|x64.Build.0 = Release|Any CPU
		{CBA1543D-228C-45A8-B9DF-1AAB500BB718}.Publish|x86.ActiveCfg = Release|Any CPU
		{CBA1543D-228C-45A8-B9DF-1AAB500BB718}.Publish|x86.Build.0 = Release|Any CPU
		{CBA1543D-228C-45A8-B9DF-1AAB500BB718}.Release|Any CPU.ActiveCfg = Release|Any CPU
		{CBA1543D-228C-45A8-B9DF-1AAB500BB718}.Release|Any CPU.Build.0 = Release|Any CPU
		{CBA1543D-228C-45A8-B9DF-1AAB500BB718}.Release|x64.ActiveCfg = Release|x64
		{CBA1543D-228C-45A8-B9DF-1AAB500BB718}.Release|x64.Build.0 = Release|x64
		{CBA1543D-228C-45A8-B9DF-1AAB500BB718}.Release|x86.ActiveCfg = Release|Any CPU
		{CBA1543D-228C-45A8-B9DF-1AAB500BB718}.Release|x86.Build.0 = Release|Any CPU
		{8C36A1B9-7C4D-4467-894D-A7441223947E}.Debug|Any CPU.ActiveCfg = Debug|Any CPU
		{8C36A1B9-7C4D-4467-894D-A7441223947E}.Debug|Any CPU.Build.0 = Debug|Any CPU
		{8C36A1B9-7C4D-4467-894D-A7441223947E}.Debug|x64.ActiveCfg = Debug|x64
		{8C36A1B9-7C4D-4467-894D-A7441223947E}.Debug|x64.Build.0 = Debug|x64
		{8C36A1B9-7C4D-4467-894D-A7441223947E}.Debug|x86.ActiveCfg = Debug|Any CPU
		{8C36A1B9-7C4D-4467-894D-A7441223947E}.Debug|x86.Build.0 = Debug|Any CPU
		{8C36A1B9-7C4D-4467-894D-A7441223947E}.docs|Any CPU.ActiveCfg = Debug|Any CPU
		{8C36A1B9-7C4D-4467-894D-A7441223947E}.docs|Any CPU.Build.0 = Debug|Any CPU
		{8C36A1B9-7C4D-4467-894D-A7441223947E}.docs|x64.ActiveCfg = Debug|Any CPU
		{8C36A1B9-7C4D-4467-894D-A7441223947E}.docs|x64.Build.0 = Debug|Any CPU
		{8C36A1B9-7C4D-4467-894D-A7441223947E}.docs|x86.ActiveCfg = Debug|Any CPU
		{8C36A1B9-7C4D-4467-894D-A7441223947E}.docs|x86.Build.0 = Debug|Any CPU
		{8C36A1B9-7C4D-4467-894D-A7441223947E}.Publish|Any CPU.ActiveCfg = Release|Any CPU
		{8C36A1B9-7C4D-4467-894D-A7441223947E}.Publish|Any CPU.Build.0 = Release|Any CPU
		{8C36A1B9-7C4D-4467-894D-A7441223947E}.Publish|x64.ActiveCfg = Release|Any CPU
		{8C36A1B9-7C4D-4467-894D-A7441223947E}.Publish|x64.Build.0 = Release|Any CPU
		{8C36A1B9-7C4D-4467-894D-A7441223947E}.Publish|x86.ActiveCfg = Release|Any CPU
		{8C36A1B9-7C4D-4467-894D-A7441223947E}.Publish|x86.Build.0 = Release|Any CPU
		{8C36A1B9-7C4D-4467-894D-A7441223947E}.Release|Any CPU.ActiveCfg = Release|Any CPU
		{8C36A1B9-7C4D-4467-894D-A7441223947E}.Release|Any CPU.Build.0 = Release|Any CPU
		{8C36A1B9-7C4D-4467-894D-A7441223947E}.Release|x64.ActiveCfg = Release|x64
		{8C36A1B9-7C4D-4467-894D-A7441223947E}.Release|x64.Build.0 = Release|x64
		{8C36A1B9-7C4D-4467-894D-A7441223947E}.Release|x86.ActiveCfg = Release|Any CPU
		{8C36A1B9-7C4D-4467-894D-A7441223947E}.Release|x86.Build.0 = Release|Any CPU
		{21C35138-455B-4833-9756-B2629F972A22}.Debug|Any CPU.ActiveCfg = Debug|Any CPU
		{21C35138-455B-4833-9756-B2629F972A22}.Debug|Any CPU.Build.0 = Debug|Any CPU
		{21C35138-455B-4833-9756-B2629F972A22}.Debug|x64.ActiveCfg = Debug|x64
		{21C35138-455B-4833-9756-B2629F972A22}.Debug|x64.Build.0 = Debug|x64
		{21C35138-455B-4833-9756-B2629F972A22}.Debug|x86.ActiveCfg = Debug|x86
		{21C35138-455B-4833-9756-B2629F972A22}.Debug|x86.Build.0 = Debug|x86
		{21C35138-455B-4833-9756-B2629F972A22}.docs|Any CPU.ActiveCfg = docs|Any CPU
		{21C35138-455B-4833-9756-B2629F972A22}.docs|Any CPU.Build.0 = docs|Any CPU
		{21C35138-455B-4833-9756-B2629F972A22}.docs|x64.ActiveCfg = docs|x64
		{21C35138-455B-4833-9756-B2629F972A22}.docs|x64.Build.0 = docs|x64
		{21C35138-455B-4833-9756-B2629F972A22}.docs|x86.ActiveCfg = docs|x86
		{21C35138-455B-4833-9756-B2629F972A22}.docs|x86.Build.0 = docs|x86
		{21C35138-455B-4833-9756-B2629F972A22}.Publish|Any CPU.ActiveCfg = Publish|Any CPU
		{21C35138-455B-4833-9756-B2629F972A22}.Publish|Any CPU.Build.0 = Publish|Any CPU
		{21C35138-455B-4833-9756-B2629F972A22}.Publish|x64.ActiveCfg = Publish|x64
		{21C35138-455B-4833-9756-B2629F972A22}.Publish|x64.Build.0 = Publish|x64
		{21C35138-455B-4833-9756-B2629F972A22}.Publish|x86.ActiveCfg = Publish|x86
		{21C35138-455B-4833-9756-B2629F972A22}.Publish|x86.Build.0 = Publish|x86
		{21C35138-455B-4833-9756-B2629F972A22}.Release|Any CPU.ActiveCfg = Release|Any CPU
		{21C35138-455B-4833-9756-B2629F972A22}.Release|Any CPU.Build.0 = Release|Any CPU
		{21C35138-455B-4833-9756-B2629F972A22}.Release|x64.ActiveCfg = Release|x64
		{21C35138-455B-4833-9756-B2629F972A22}.Release|x64.Build.0 = Release|x64
		{21C35138-455B-4833-9756-B2629F972A22}.Release|x86.ActiveCfg = Release|x86
		{21C35138-455B-4833-9756-B2629F972A22}.Release|x86.Build.0 = Release|x86
		{AB6E71B0-1BE2-4418-AB4B-91D5554CF5A1}.Debug|Any CPU.ActiveCfg = Debug|Any CPU
		{AB6E71B0-1BE2-4418-AB4B-91D5554CF5A1}.Debug|Any CPU.Build.0 = Debug|Any CPU
		{AB6E71B0-1BE2-4418-AB4B-91D5554CF5A1}.Debug|x64.ActiveCfg = Debug|x64
		{AB6E71B0-1BE2-4418-AB4B-91D5554CF5A1}.Debug|x64.Build.0 = Debug|x64
		{AB6E71B0-1BE2-4418-AB4B-91D5554CF5A1}.Debug|x86.ActiveCfg = Debug|x86
		{AB6E71B0-1BE2-4418-AB4B-91D5554CF5A1}.Debug|x86.Build.0 = Debug|x86
		{AB6E71B0-1BE2-4418-AB4B-91D5554CF5A1}.docs|Any CPU.ActiveCfg = docs|Any CPU
		{AB6E71B0-1BE2-4418-AB4B-91D5554CF5A1}.docs|Any CPU.Build.0 = docs|Any CPU
		{AB6E71B0-1BE2-4418-AB4B-91D5554CF5A1}.docs|x64.ActiveCfg = docs|x64
		{AB6E71B0-1BE2-4418-AB4B-91D5554CF5A1}.docs|x64.Build.0 = docs|x64
		{AB6E71B0-1BE2-4418-AB4B-91D5554CF5A1}.docs|x86.ActiveCfg = docs|x86
		{AB6E71B0-1BE2-4418-AB4B-91D5554CF5A1}.docs|x86.Build.0 = docs|x86
		{AB6E71B0-1BE2-4418-AB4B-91D5554CF5A1}.Publish|Any CPU.ActiveCfg = Publish|Any CPU
		{AB6E71B0-1BE2-4418-AB4B-91D5554CF5A1}.Publish|Any CPU.Build.0 = Publish|Any CPU
		{AB6E71B0-1BE2-4418-AB4B-91D5554CF5A1}.Publish|x64.ActiveCfg = Publish|x64
		{AB6E71B0-1BE2-4418-AB4B-91D5554CF5A1}.Publish|x64.Build.0 = Publish|x64
		{AB6E71B0-1BE2-4418-AB4B-91D5554CF5A1}.Publish|x86.ActiveCfg = Publish|x86
		{AB6E71B0-1BE2-4418-AB4B-91D5554CF5A1}.Publish|x86.Build.0 = Publish|x86
		{AB6E71B0-1BE2-4418-AB4B-91D5554CF5A1}.Release|Any CPU.ActiveCfg = Release|Any CPU
		{AB6E71B0-1BE2-4418-AB4B-91D5554CF5A1}.Release|Any CPU.Build.0 = Release|Any CPU
		{AB6E71B0-1BE2-4418-AB4B-91D5554CF5A1}.Release|x64.ActiveCfg = Release|x64
		{AB6E71B0-1BE2-4418-AB4B-91D5554CF5A1}.Release|x64.Build.0 = Release|x64
		{AB6E71B0-1BE2-4418-AB4B-91D5554CF5A1}.Release|x86.ActiveCfg = Release|x86
		{AB6E71B0-1BE2-4418-AB4B-91D5554CF5A1}.Release|x86.Build.0 = Release|x86
		{485965CD-DA31-4517-86F6-94DFD28379C1}.Debug|Any CPU.ActiveCfg = Debug|Any CPU
		{485965CD-DA31-4517-86F6-94DFD28379C1}.Debug|Any CPU.Build.0 = Debug|Any CPU
		{485965CD-DA31-4517-86F6-94DFD28379C1}.Debug|x64.ActiveCfg = Debug|x64
		{485965CD-DA31-4517-86F6-94DFD28379C1}.Debug|x64.Build.0 = Debug|x64
		{485965CD-DA31-4517-86F6-94DFD28379C1}.Debug|x86.ActiveCfg = Debug|x86
		{485965CD-DA31-4517-86F6-94DFD28379C1}.Debug|x86.Build.0 = Debug|x86
		{485965CD-DA31-4517-86F6-94DFD28379C1}.docs|Any CPU.ActiveCfg = docs|Any CPU
		{485965CD-DA31-4517-86F6-94DFD28379C1}.docs|Any CPU.Build.0 = docs|Any CPU
		{485965CD-DA31-4517-86F6-94DFD28379C1}.docs|x64.ActiveCfg = docs|x64
		{485965CD-DA31-4517-86F6-94DFD28379C1}.docs|x64.Build.0 = docs|x64
		{485965CD-DA31-4517-86F6-94DFD28379C1}.docs|x86.ActiveCfg = docs|x86
		{485965CD-DA31-4517-86F6-94DFD28379C1}.docs|x86.Build.0 = docs|x86
		{485965CD-DA31-4517-86F6-94DFD28379C1}.Publish|Any CPU.ActiveCfg = Publish|Any CPU
		{485965CD-DA31-4517-86F6-94DFD28379C1}.Publish|Any CPU.Build.0 = Publish|Any CPU
		{485965CD-DA31-4517-86F6-94DFD28379C1}.Publish|x64.ActiveCfg = Publish|x64
		{485965CD-DA31-4517-86F6-94DFD28379C1}.Publish|x64.Build.0 = Publish|x64
		{485965CD-DA31-4517-86F6-94DFD28379C1}.Publish|x86.ActiveCfg = Publish|x86
		{485965CD-DA31-4517-86F6-94DFD28379C1}.Publish|x86.Build.0 = Publish|x86
		{485965CD-DA31-4517-86F6-94DFD28379C1}.Release|Any CPU.ActiveCfg = Release|Any CPU
		{485965CD-DA31-4517-86F6-94DFD28379C1}.Release|Any CPU.Build.0 = Release|Any CPU
		{485965CD-DA31-4517-86F6-94DFD28379C1}.Release|x64.ActiveCfg = Release|x64
		{485965CD-DA31-4517-86F6-94DFD28379C1}.Release|x64.Build.0 = Release|x64
		{485965CD-DA31-4517-86F6-94DFD28379C1}.Release|x86.ActiveCfg = Release|x86
		{485965CD-DA31-4517-86F6-94DFD28379C1}.Release|x86.Build.0 = Release|x86
		{9802FE89-2F8A-4113-8869-89BAB5E4C228}.Debug|Any CPU.ActiveCfg = Debug|Any CPU
		{9802FE89-2F8A-4113-8869-89BAB5E4C228}.Debug|Any CPU.Build.0 = Debug|Any CPU
		{9802FE89-2F8A-4113-8869-89BAB5E4C228}.Debug|x64.ActiveCfg = Debug|Any CPU
		{9802FE89-2F8A-4113-8869-89BAB5E4C228}.Debug|x64.Build.0 = Debug|Any CPU
		{9802FE89-2F8A-4113-8869-89BAB5E4C228}.Debug|x86.ActiveCfg = Debug|Any CPU
		{9802FE89-2F8A-4113-8869-89BAB5E4C228}.Debug|x86.Build.0 = Debug|Any CPU
		{9802FE89-2F8A-4113-8869-89BAB5E4C228}.docs|Any CPU.ActiveCfg = Debug|Any CPU
		{9802FE89-2F8A-4113-8869-89BAB5E4C228}.docs|Any CPU.Build.0 = Debug|Any CPU
		{9802FE89-2F8A-4113-8869-89BAB5E4C228}.docs|x64.ActiveCfg = Debug|Any CPU
		{9802FE89-2F8A-4113-8869-89BAB5E4C228}.docs|x64.Build.0 = Debug|Any CPU
		{9802FE89-2F8A-4113-8869-89BAB5E4C228}.docs|x86.ActiveCfg = Debug|Any CPU
		{9802FE89-2F8A-4113-8869-89BAB5E4C228}.docs|x86.Build.0 = Debug|Any CPU
		{9802FE89-2F8A-4113-8869-89BAB5E4C228}.Publish|Any CPU.ActiveCfg = Release|Any CPU
		{9802FE89-2F8A-4113-8869-89BAB5E4C228}.Publish|Any CPU.Build.0 = Release|Any CPU
		{9802FE89-2F8A-4113-8869-89BAB5E4C228}.Publish|x64.ActiveCfg = Release|Any CPU
		{9802FE89-2F8A-4113-8869-89BAB5E4C228}.Publish|x64.Build.0 = Release|Any CPU
		{9802FE89-2F8A-4113-8869-89BAB5E4C228}.Publish|x86.ActiveCfg = Release|Any CPU
		{9802FE89-2F8A-4113-8869-89BAB5E4C228}.Publish|x86.Build.0 = Release|Any CPU
		{9802FE89-2F8A-4113-8869-89BAB5E4C228}.Release|Any CPU.ActiveCfg = Release|Any CPU
		{9802FE89-2F8A-4113-8869-89BAB5E4C228}.Release|Any CPU.Build.0 = Release|Any CPU
		{9802FE89-2F8A-4113-8869-89BAB5E4C228}.Release|x64.ActiveCfg = Release|Any CPU
		{9802FE89-2F8A-4113-8869-89BAB5E4C228}.Release|x64.Build.0 = Release|Any CPU
		{9802FE89-2F8A-4113-8869-89BAB5E4C228}.Release|x86.ActiveCfg = Release|Any CPU
		{9802FE89-2F8A-4113-8869-89BAB5E4C228}.Release|x86.Build.0 = Release|Any CPU
	EndGlobalSection
	GlobalSection(SolutionProperties) = preSolution
		HideSolutionNode = FALSE
	EndGlobalSection
	GlobalSection(NestedProjects) = preSolution
		{FECCE1FD-E1D4-49E3-A668-60BB5E7AED99} = {E8110E12-D45A-47C8-BA14-17C540A6BAC3}
		{7283C179-F852-4EAD-8D8F-B82EF2CBD7DB} = {E8110E12-D45A-47C8-BA14-17C540A6BAC3}
		{21C35138-455B-4833-9756-B2629F972A22} = {BDEDAAEE-FBAC-4A6A-855D-3C6BA2BF5C88}
		{AB6E71B0-1BE2-4418-AB4B-91D5554CF5A1} = {BDEDAAEE-FBAC-4A6A-855D-3C6BA2BF5C88}
		{485965CD-DA31-4517-86F6-94DFD28379C1} = {BDEDAAEE-FBAC-4A6A-855D-3C6BA2BF5C88}
	EndGlobalSection
EndGlobal
